<?xml version="1.0" encoding="utf-8"?>
<Project ToolsVersion="4.0" xmlns="http://schemas.microsoft.com/developer/msbuild/2003">
  <ItemGroup>
    <ClCompile Include="main.cpp" />
  </ItemGroup>
  <ItemGroup>
    <Filter Include="core">
      <UniqueIdentifier>{6e35a034-eaf5-43ee-a67f-2a13a2df2ea5}</UniqueIdentifier>
    </Filter>
    <Filter Include="driver">
      <UniqueIdentifier>{b981e6c8-da5c-44ff-b407-508fc21d2835}</UniqueIdentifier>
    </Filter>
    <Filter Include="script">
      <UniqueIdentifier>{c712ce81-bc0c-4bea-b351-9aa0b18ea80a}</UniqueIdentifier>
    </Filter>
    <Filter Include="usr">
      <UniqueIdentifier>{e1d53abc-9d80-41e5-9bf0-cbe19f56569d}</UniqueIdentifier>
    </Filter>
  </ItemGroup>
  <ItemGroup>
    <ClInclude Include="core\cmds.h">
      <Filter>core</Filter>
    </ClInclude>
    <ClInclude Include="core\config.h">
      <Filter>core</Filter>
    </ClInclude>
    <ClInclude Include="core\console.h">
      <Filter>core</Filter>
    </ClInclude>
    <ClInclude Include="core\error.h">
      <Filter>core</Filter>
    </ClInclude>
    <ClInclude Include="core\node.h">
      <Filter>core</Filter>
    </ClInclude>
    <ClInclude Include="core\ssh.h">
      <Filter>core</Filter>
    </ClInclude>
    <ClInclude Include="core\throttled.h">
      <Filter>core</Filter>
    </ClInclude>
    <ClInclude Include="core\utils.h">
      <Filter>core</Filter>
    </ClInclude>
    <ClInclude Include="driver\pwpf.h">
      <Filter>driver</Filter>
    </ClInclude>
    <ClInclude Include="driver\pwsd.h">
      <Filter>driver</Filter>
    </ClInclude>
    <ClInclude Include="driver\scripter.h">
      <Filter>driver</Filter>
    </ClInclude>
    <ClInclude Include="driver\scriptexec.h">
      <Filter>driver</Filter>
    </ClInclude>
    <ClInclude Include="driver\task.h">
      <Filter>driver</Filter>
    </ClInclude>
    <ClInclude Include="driver\updater.h">
      <Filter>driver</Filter>
    </ClInclude>
    <ClInclude Include="usr\consoler.h">
      <Filter>usr</Filter>
    </ClInclude>
    <ClInclude Include="usr\menu.h">
      <Filter>usr</Filter>
    </ClInclude>
  </ItemGroup>
  <ItemGroup>
    <None Include="script\complexityFit.nb">
      <Filter>script</Filter>
    </None>
    <None Include="script\complexityFitComplete.nb">
      <Filter>script</Filter>
    </None>
  </ItemGroup>
</Project>